
Microsoft Visual Studio Solution File, Format Version 12.00
# Visual Studio 2010
Project("{FAE04EC0-301F-11D3-BF4B-00C04F79EFBC}") = "LocalTunnel.Library", "LocalTunnel.Library\LocalTunnel.Library.csproj", "{4F99ECFF-632D-4B95-940D-0C6587DC18FF}"
EndProject
Project("{2150E333-8FDC-42A3-9474-1A3956D46DE8}") = "External", "External", "{99835E0A-3CA5-42AD-A2B7-43FB0C69A174}"
EndProject
Project("{FAE04EC0-301F-11D3-BF4B-00C04F79EFBC}") = "LocalTunnel.UI", "LocalTunnel.UI\LocalTunnel.UI.csproj", "{600135FE-F8D6-4EDD-98DE-6217521FBA8C}"
EndProject
Project("{FAE04EC0-301F-11D3-BF4B-00C04F79EFBC}") = "LocalTunnel.Console", "LocalTunnel.Console\LocalTunnel.Console.csproj", "{A1825FCC-4835-46BF-A6DF-ED918D0C3521}"
EndProject
Project("{FAE04EC0-301F-11D3-BF4B-00C04F79EFBC}") = "Dex.Utilities", "packages\Dex.Utilities\Dex.Utilities.csproj", "{3FD255E2-1FE4-4231-A322-8E63CBF9F23C}"
EndProject
Project("{FAE04EC0-301F-11D3-BF4B-00C04F79EFBC}") = "LocalTunnel.Tests", "LocalTunnel.Tests\LocalTunnel.Tests.csproj", "{B1526C2A-56D5-4FEB-B427-411A25F47A1D}"
EndProject
Project("{2150E333-8FDC-42A3-9474-1A3956D46DE8}") = "Core", "Core", "{4061806D-567F-482B-842F-7A0B55239A88}"
EndProject
Project("{2150E333-8FDC-42A3-9474-1A3956D46DE8}") = "Solution Items", "Solution Items", "{C4EE0903-7201-412C-9F17-F46FA424685F}"
	ProjectSection(SolutionItems) = preProject
		.travis.yml = .travis.yml
		.gitignore = .gitignore
		.gitattributes = .gitattributes
		README.markdown = README.markdown
		travis.proj = travis.proj
	EndProjectSection
EndProject
Global
	GlobalSection(TestCaseManagementSettings) = postSolution
		CategoryFile = Localtunnel.vsmdi
	EndGlobalSection
	GlobalSection(SolutionConfigurationPlatforms) = preSolution
		Debug|Any CPU = Debug|Any CPU
		Debug|Mixed Platforms = Debug|Mixed Platforms
		Debug|x64 = Debug|x64
		Debug|x86 = Debug|x86
		DebugNoTimeout|Any CPU = DebugNoTimeout|Any CPU
		DebugNoTimeout|Mixed Platforms = DebugNoTimeout|Mixed Platforms
		DebugNoTimeout|x64 = DebugNoTimeout|x64
		DebugNoTimeout|x86 = DebugNoTimeout|x86
		Release|Any CPU = Release|Any CPU
		Release|Mixed Platforms = Release|Mixed Platforms
		Release|x64 = Release|x64
		Release|x86 = Release|x86
	EndGlobalSection
	GlobalSection(ProjectConfigurationPlatforms) = postSolution
		{4F99ECFF-632D-4B95-940D-0C6587DC18FF}.Debug|Any CPU.ActiveCfg = Debug|Any CPU
		{4F99ECFF-632D-4B95-940D-0C6587DC18FF}.Debug|Any CPU.Build.0 = Debug|Any CPU
		{4F99ECFF-632D-4B95-940D-0C6587DC18FF}.Debug|Mixed Platforms.ActiveCfg = Debug|x86
		{4F99ECFF-632D-4B95-940D-0C6587DC18FF}.Debug|Mixed Platforms.Build.0 = Debug|x86
		{4F99ECFF-632D-4B95-940D-0C6587DC18FF}.Debug|x64.ActiveCfg = Debug|x64
		{4F99ECFF-632D-4B95-940D-0C6587DC18FF}.Debug|x64.Build.0 = Debug|x64
		{4F99ECFF-632D-4B95-940D-0C6587DC18FF}.Debug|x86.ActiveCfg = Debug|x86
		{4F99ECFF-632D-4B95-940D-0C6587DC18FF}.Debug|x86.Build.0 = Debug|x86
		{4F99ECFF-632D-4B95-940D-0C6587DC18FF}.DebugNoTimeout|Any CPU.ActiveCfg = Debug|Any CPU
		{4F99ECFF-632D-4B95-940D-0C6587DC18FF}.DebugNoTimeout|Any CPU.Build.0 = Debug|Any CPU
		{4F99ECFF-632D-4B95-940D-0C6587DC18FF}.DebugNoTimeout|Mixed Platforms.ActiveCfg = Debug|x86
		{4F99ECFF-632D-4B95-940D-0C6587DC18FF}.DebugNoTimeout|Mixed Platforms.Build.0 = Debug|x86
		{4F99ECFF-632D-4B95-940D-0C6587DC18FF}.DebugNoTimeout|x64.ActiveCfg = Debug|x64
		{4F99ECFF-632D-4B95-940D-0C6587DC18FF}.DebugNoTimeout|x64.Build.0 = Debug|x64
		{4F99ECFF-632D-4B95-940D-0C6587DC18FF}.DebugNoTimeout|x86.ActiveCfg = Debug|x86
		{4F99ECFF-632D-4B95-940D-0C6587DC18FF}.DebugNoTimeout|x86.Build.0 = Debug|x86
		{4F99ECFF-632D-4B95-940D-0C6587DC18FF}.Release|Any CPU.ActiveCfg = Release|Any CPU
		{4F99ECFF-632D-4B95-940D-0C6587DC18FF}.Release|Any CPU.Build.0 = Release|Any CPU
		{4F99ECFF-632D-4B95-940D-0C6587DC18FF}.Release|Mixed Platforms.ActiveCfg = Release|x86
		{4F99ECFF-632D-4B95-940D-0C6587DC18FF}.Release|Mixed Platforms.Build.0 = Release|x86
		{4F99ECFF-632D-4B95-940D-0C6587DC18FF}.Release|x64.ActiveCfg = Release|x64
		{4F99ECFF-632D-4B95-940D-0C6587DC18FF}.Release|x64.Build.0 = Release|x64
		{4F99ECFF-632D-4B95-940D-0C6587DC18FF}.Release|x86.ActiveCfg = Release|x86
		{4F99ECFF-632D-4B95-940D-0C6587DC18FF}.Release|x86.Build.0 = Release|x86
		{600135FE-F8D6-4EDD-98DE-6217521FBA8C}.Debug|Any CPU.ActiveCfg = Debug|x86
		{600135FE-F8D6-4EDD-98DE-6217521FBA8C}.Debug|Mixed Platforms.ActiveCfg = Debug|x86
		{600135FE-F8D6-4EDD-98DE-6217521FBA8C}.Debug|Mixed Platforms.Build.0 = Debug|x86
		{600135FE-F8D6-4EDD-98DE-6217521FBA8C}.Debug|x64.ActiveCfg = Debug|x64
		{600135FE-F8D6-4EDD-98DE-6217521FBA8C}.Debug|x64.Build.0 = Debug|x64
		{600135FE-F8D6-4EDD-98DE-6217521FBA8C}.Debug|x86.ActiveCfg = Debug|x86
		{600135FE-F8D6-4EDD-98DE-6217521FBA8C}.Debug|x86.Build.0 = Debug|x86
		{600135FE-F8D6-4EDD-98DE-6217521FBA8C}.DebugNoTimeout|Any CPU.ActiveCfg = Debug|x86
		{600135FE-F8D6-4EDD-98DE-6217521FBA8C}.DebugNoTimeout|Mixed Platforms.ActiveCfg = Debug|x86
		{600135FE-F8D6-4EDD-98DE-6217521FBA8C}.DebugNoTimeout|Mixed Platforms.Build.0 = Debug|x86
		{600135FE-F8D6-4EDD-98DE-6217521FBA8C}.DebugNoTimeout|x64.ActiveCfg = Debug|x64
		{600135FE-F8D6-4EDD-98DE-6217521FBA8C}.DebugNoTimeout|x64.Build.0 = Debug|x64
		{600135FE-F8D6-4EDD-98DE-6217521FBA8C}.DebugNoTimeout|x86.ActiveCfg = Debug|x86
		{600135FE-F8D6-4EDD-98DE-6217521FBA8C}.DebugNoTimeout|x86.Build.0 = Debug|x86
		{600135FE-F8D6-4EDD-98DE-6217521FBA8C}.Release|Any CPU.ActiveCfg = Release|x86
		{600135FE-F8D6-4EDD-98DE-6217521FBA8C}.Release|Mixed Platforms.ActiveCfg = Release|x86
		{600135FE-F8D6-4EDD-98DE-6217521FBA8C}.Release|Mixed Platforms.Build.0 = Release|x86
		{600135FE-F8D6-4EDD-98DE-6217521FBA8C}.Release|x64.ActiveCfg = Release|x64
		{600135FE-F8D6-4EDD-98DE-6217521FBA8C}.Release|x64.Build.0 = Release|x64
		{600135FE-F8D6-4EDD-98DE-6217521FBA8C}.Release|x86.ActiveCfg = Release|x86
		{600135FE-F8D6-4EDD-98DE-6217521FBA8C}.Release|x86.Build.0 = Release|x86
		{A1825FCC-4835-46BF-A6DF-ED918D0C3521}.Debug|Any CPU.ActiveCfg = Debug|x86
		{A1825FCC-4835-46BF-A6DF-ED918D0C3521}.Debug|Mixed Platforms.ActiveCfg = Debug|x86
		{A1825FCC-4835-46BF-A6DF-ED918D0C3521}.Debug|Mixed Platforms.Build.0 = Debug|x86
		{A1825FCC-4835-46BF-A6DF-ED918D0C3521}.Debug|x64.ActiveCfg = Debug|x64
		{A1825FCC-4835-46BF-A6DF-ED918D0C3521}.Debug|x64.Build.0 = Debug|x64
		{A1825FCC-4835-46BF-A6DF-ED918D0C3521}.Debug|x86.ActiveCfg = Debug|x86
		{A1825FCC-4835-46BF-A6DF-ED918D0C3521}.Debug|x86.Build.0 = Debug|x86
		{A1825FCC-4835-46BF-A6DF-ED918D0C3521}.DebugNoTimeout|Any CPU.ActiveCfg = Debug|x86
		{A1825FCC-4835-46BF-A6DF-ED918D0C3521}.DebugNoTimeout|Mixed Platforms.ActiveCfg = Debug|x86
		{A1825FCC-4835-46BF-A6DF-ED918D0C3521}.DebugNoTimeout|Mixed Platforms.Build.0 = Debug|x86
		{A1825FCC-4835-46BF-A6DF-ED918D0C3521}.DebugNoTimeout|x64.ActiveCfg = Debug|x64
		{A1825FCC-4835-46BF-A6DF-ED918D0C3521}.DebugNoTimeout|x64.Build.0 = Debug|x64
		{A1825FCC-4835-46BF-A6DF-ED918D0C3521}.DebugNoTimeout|x86.ActiveCfg = Debug|x86
		{A1825FCC-4835-46BF-A6DF-ED918D0C3521}.DebugNoTimeout|x86.Build.0 = Debug|x86
		{A1825FCC-4835-46BF-A6DF-ED918D0C3521}.Release|Any CPU.ActiveCfg = Release|x86
		{A1825FCC-4835-46BF-A6DF-ED918D0C3521}.Release|Mixed Platforms.ActiveCfg = Release|x86
		{A1825FCC-4835-46BF-A6DF-ED918D0C3521}.Release|Mixed Platforms.Build.0 = Release|x86
		{A1825FCC-4835-46BF-A6DF-ED918D0C3521}.Release|x64.ActiveCfg = Release|x64
		{A1825FCC-4835-46BF-A6DF-ED918D0C3521}.Release|x64.Build.0 = Release|x64
		{A1825FCC-4835-46BF-A6DF-ED918D0C3521}.Release|x86.ActiveCfg = Release|x86
		{A1825FCC-4835-46BF-A6DF-ED918D0C3521}.Release|x86.Build.0 = Release|x86
		{3FD255E2-1FE4-4231-A322-8E63CBF9F23C}.Debug|Any CPU.ActiveCfg = Debug|Any CPU
		{3FD255E2-1FE4-4231-A322-8E63CBF9F23C}.Debug|Any CPU.Build.0 = Debug|Any CPU
		{3FD255E2-1FE4-4231-A322-8E63CBF9F23C}.Debug|Mixed Platforms.ActiveCfg = Debug|x86
		{3FD255E2-1FE4-4231-A322-8E63CBF9F23C}.Debug|Mixed Platforms.Build.0 = Debug|x86
		{3FD255E2-1FE4-4231-A322-8E63CBF9F23C}.Debug|x64.ActiveCfg = Debug|x64
		{3FD255E2-1FE4-4231-A322-8E63CBF9F23C}.Debug|x64.Build.0 = Debug|x64
		{3FD255E2-1FE4-4231-A322-8E63CBF9F23C}.Debug|x86.ActiveCfg = Debug|x86
		{3FD255E2-1FE4-4231-A322-8E63CBF9F23C}.Debug|x86.Build.0 = Debug|x86
		{3FD255E2-1FE4-4231-A322-8E63CBF9F23C}.DebugNoTimeout|Any CPU.ActiveCfg = Debug|Any CPU
		{3FD255E2-1FE4-4231-A322-8E63CBF9F23C}.DebugNoTimeout|Any CPU.Build.0 = Debug|Any CPU
		{3FD255E2-1FE4-4231-A322-8E63CBF9F23C}.DebugNoTimeout|Mixed Platforms.ActiveCfg = Debug|x86
		{3FD255E2-1FE4-4231-A322-8E63CBF9F23C}.DebugNoTimeout|Mixed Platforms.Build.0 = Debug|x86
		{3FD255E2-1FE4-4231-A322-8E63CBF9F23C}.DebugNoTimeout|x64.ActiveCfg = Debug|x64
		{3FD255E2-1FE4-4231-A322-8E63CBF9F23C}.DebugNoTimeout|x64.Build.0 = Debug|x64
		{3FD255E2-1FE4-4231-A322-8E63CBF9F23C}.DebugNoTimeout|x86.ActiveCfg = Debug|x86
		{3FD255E2-1FE4-4231-A322-8E63CBF9F23C}.DebugNoTimeout|x86.Build.0 = Debug|x86
		{3FD255E2-1FE4-4231-A322-8E63CBF9F23C}.Release|Any CPU.ActiveCfg = Release|Any CPU
		{3FD255E2-1FE4-4231-A322-8E63CBF9F23C}.Release|Any CPU.Build.0 = Release|Any CPU
		{3FD255E2-1FE4-4231-A322-8E63CBF9F23C}.Release|Mixed Platforms.ActiveCfg = Release|x86
		{3FD255E2-1FE4-4231-A322-8E63CBF9F23C}.Release|Mixed Platforms.Build.0 = Release|x86
		{3FD255E2-1FE4-4231-A322-8E63CBF9F23C}.Release|x64.ActiveCfg = Release|x64
		{3FD255E2-1FE4-4231-A322-8E63CBF9F23C}.Release|x64.Build.0 = Release|x64
		{3FD255E2-1FE4-4231-A322-8E63CBF9F23C}.Release|x86.ActiveCfg = Release|x86
		{3FD255E2-1FE4-4231-A322-8E63CBF9F23C}.Release|x86.Build.0 = Release|x86
		{B1526C2A-56D5-4FEB-B427-411A25F47A1D}.Debug|Any CPU.ActiveCfg = Debug|Any CPU
		{B1526C2A-56D5-4FEB-B427-411A25F47A1D}.Debug|Any CPU.Build.0 = Debug|Any CPU
		{B1526C2A-56D5-4FEB-B427-411A25F47A1D}.Debug|Mixed Platforms.ActiveCfg = Debug|Any CPU
		{B1526C2A-56D5-4FEB-B427-411A25F47A1D}.Debug|Mixed Platforms.Build.0 = Debug|Any CPU
		{B1526C2A-56D5-4FEB-B427-411A25F47A1D}.Debug|x64.ActiveCfg = Debug|x64
		{B1526C2A-56D5-4FEB-B427-411A25F47A1D}.Debug|x86.ActiveCfg = Debug|Any CPU
		{B1526C2A-56D5-4FEB-B427-411A25F47A1D}.DebugNoTimeout|Any CPU.ActiveCfg = Debug|Any CPU
		{B1526C2A-56D5-4FEB-B427-411A25F47A1D}.DebugNoTimeout|Any CPU.Build.0 = Debug|Any CPU
		{B1526C2A-56D5-4FEB-B427-411A25F47A1D}.DebugNoTimeout|Mixed Platforms.ActiveCfg = Debug|Any CPU
		{B1526C2A-56D5-4FEB-B427-411A25F47A1D}.DebugNoTimeout|Mixed Platforms.Build.0 = Debug|Any CPU
		{B1526C2A-56D5-4FEB-B427-411A25F47A1D}.DebugNoTimeout|x64.ActiveCfg = Debug|x64
		{B1526C2A-56D5-4FEB-B427-411A25F47A1D}.DebugNoTimeout|x64.Build.0 = Debug|x64
		{B1526C2A-56D5-4FEB-B427-411A25F47A1D}.DebugNoTimeout|x86.ActiveCfg = Debug|Any CPU
		{B1526C2A-56D5-4FEB-B427-411A25F47A1D}.Release|Any CPU.ActiveCfg = Release|Any CPU
		{B1526C2A-56D5-4FEB-B427-411A25F47A1D}.Release|Any CPU.Build.0 = Release|Any CPU
		{B1526C2A-56D5-4FEB-B427-411A25F47A1D}.Release|Mixed Platforms.ActiveCfg = Release|Any CPU
		{B1526C2A-56D5-4FEB-B427-411A25F47A1D}.Release|Mixed Platforms.Build.0 = Release|Any CPU
		{B1526C2A-56D5-4FEB-B427-411A25F47A1D}.Release|x64.ActiveCfg = Release|x64
		{B1526C2A-56D5-4FEB-B427-411A25F47A1D}.Release|x86.ActiveCfg = Release|Any CPU
	EndGlobalSection
	GlobalSection(SolutionProperties) = preSolution
		HideSolutionNode = FALSE
	EndGlobalSection
	GlobalSection(NestedProjects) = preSolution
		{600135FE-F8D6-4EDD-98DE-6217521FBA8C} = {4061806D-567F-482B-842F-7A0B55239A88}
		{A1825FCC-4835-46BF-A6DF-ED918D0C3521} = {4061806D-567F-482B-842F-7A0B55239A88}
		{B1526C2A-56D5-4FEB-B427-411A25F47A1D} = {4061806D-567F-482B-842F-7A0B55239A88}
		{4F99ECFF-632D-4B95-940D-0C6587DC18FF} = {4061806D-567F-482B-842F-7A0B55239A88}
		{3FD255E2-1FE4-4231-A322-8E63CBF9F23C} = {99835E0A-3CA5-42AD-A2B7-43FB0C69A174}
	EndGlobalSection
EndGlobal
